
Microsoft Visual Studio Solution File, Format Version 12.00
# Visual Studio Version 17
VisualStudioVersion = 17.1.32228.430
MinimumVisualStudioVersion = 10.0.40219.1
Project("{FAE04EC0-301F-11D3-BF4B-00C04F79EFBC}") = "Task1", "Task1\Task1.csproj", "{B3591F11-3011-4CCD-9F75-E6F015A23DB9}"
EndProject
Project("{FAE04EC0-301F-11D3-BF4B-00C04F79EFBC}") = "Task2", "Task2\Task2.csproj", "{ABAD5E00-06CF-413D-9FA7-9720EE123AB7}"
EndProject
Project("{FAE04EC0-301F-11D3-BF4B-00C04F79EFBC}") = "Task3", "Task3\Task3.csproj", "{E422BCFB-06A3-42A9-98D4-FF7FD502B489}"
EndProject
Project("{FAE04EC0-301F-11D3-BF4B-00C04F79EFBC}") = "Task4", "Task4\Task4.csproj", "{5B0ABC9C-A70C-440A-9825-2E20B7B6D66C}"
EndProject
Project("{FAE04EC0-301F-11D3-BF4B-00C04F79EFBC}") = "Task5", "Task5\Task5.csproj", "{68F49B0D-655C-4D64-B60B-B8FAA17C8470}"
EndProject
Project("{FAE04EC0-301F-11D3-BF4B-00C04F79EFBC}") = "Additional", "Additional\Additional.csproj", "{C0B074DA-E153-40EF-943C-FB7F87050674}"
EndProject
Global
	GlobalSection(SolutionConfigurationPlatforms) = preSolution
		Debug|Any CPU = Debug|Any CPU
		Release|Any CPU = Release|Any CPU
	EndGlobalSection
	GlobalSection(ProjectConfigurationPlatforms) = postSolution
		{B3591F11-3011-4CCD-9F75-E6F015A23DB9}.Debug|Any CPU.ActiveCfg = Debug|Any CPU
		{B3591F11-3011-4CCD-9F75-E6F015A23DB9}.Debug|Any CPU.Build.0 = Debug|Any CPU
		{B3591F11-3011-4CCD-9F75-E6F015A23DB9}.Release|Any CPU.ActiveCfg = Release|Any CPU
		{B3591F11-3011-4CCD-9F75-E6F015A23DB9}.Release|Any CPU.Build.0 = Release|Any CPU
		{ABAD5E00-06CF-413D-9FA7-9720EE123AB7}.Debug|Any CPU.ActiveCfg = Debug|Any CPU
		{ABAD5E00-06CF-413D-9FA7-9720EE123AB7}.Debug|Any CPU.Build.0 = Debug|Any CPU
		{ABAD5E00-06CF-413D-9FA7-9720EE123AB7}.Release|Any CPU.ActiveCfg = Release|Any CPU
		{ABAD5E00-06CF-413D-9FA7-9720EE123AB7}.Release|Any CPU.Build.0 = Release|Any CPU
		{E422BCFB-06A3-42A9-98D4-FF7FD502B489}.Debug|Any CPU.ActiveCfg = Debug|Any CPU
		{E422BCFB-06A3-42A9-98D4-FF7FD502B489}.Debug|Any CPU.Build.0 = Debug|Any CPU
		{E422BCFB-06A3-42A9-98D4-FF7FD502B489}.Release|Any CPU.ActiveCfg = Release|Any CPU
		{E422BCFB-06A3-42A9-98D4-FF7FD502B489}.Release|Any CPU.Build.0 = Release|Any CPU
		{5B0ABC9C-A70C-440A-9825-2E20B7B6D66C}.Debug|Any CPU.ActiveCfg = Debug|Any CPU
		{5B0ABC9C-A70C-440A-9825-2E20B7B6D66C}.Debug|Any CPU.Build.0 = Debug|Any CPU
		{5B0ABC9C-A70C-440A-9825-2E20B7B6D66C}.Release|Any CPU.ActiveCfg = Release|Any CPU
		{5B0ABC9C-A70C-440A-9825-2E20B7B6D66C}.Release|Any CPU.Build.0 = Release|Any CPU
		{68F49B0D-655C-4D64-B60B-B8FAA17C8470}.Debug|Any CPU.ActiveCfg = Debug|Any CPU
		{68F49B0D-655C-4D64-B60B-B8FAA17C8470}.Debug|Any CPU.Build.0 = Debug|Any CPU
		{68F49B0D-655C-4D64-B60B-B8FAA17C8470}.Release|Any CPU.ActiveCfg = Release|Any CPU
		{68F49B0D-655C-4D64-B60B-B8FAA17C8470}.Release|Any CPU.Build.0 = Release|Any CPU
		{C0B074DA-E153-40EF-943C-FB7F87050674}.Debug|Any CPU.ActiveCfg = Debug|Any CPU
		{C0B074DA-E153-40EF-943C-FB7F87050674}.Debug|Any CPU.Build.0 = Debug|Any CPU
		{C0B074DA-E153-40EF-943C-FB7F87050674}.Release|Any CPU.ActiveCfg = Release|Any CPU
		{C0B074DA-E153-40EF-943C-FB7F87050674}.Release|Any CPU.Build.0 = Release|Any CPU
	EndGlobalSection
	GlobalSection(SolutionProperties) = preSolution
		HideSolutionNode = FALSE
	EndGlobalSection
	GlobalSection(ExtensibilityGlobals) = postSolution
		SolutionGuid = {E6BF34DC-9A9A-4ADA-9DA2-8069C206DA62}
	EndGlobalSection
EndGlobal
