
Microsoft Visual Studio Solution File, Format Version 12.00
# Visual Studio Version 17
VisualStudioVersion = 17.1.32228.430
MinimumVisualStudioVersion = 10.0.40219.1
Project("{FAE04EC0-301F-11D3-BF4B-00C04F79EFBC}") = "Task1", "Task1\Task1.csproj", "{05A848CE-55AC-42E1-80E7-1BCD4F50E7F0}"
EndProject
Project("{FAE04EC0-301F-11D3-BF4B-00C04F79EFBC}") = "Task2", "Task2\Task2.csproj", "{13E52767-01A6-4A6D-A9FC-DEA7DD32DE15}"
EndProject
Project("{FAE04EC0-301F-11D3-BF4B-00C04F79EFBC}") = "Task3", "Task3\Task3.csproj", "{28FEB909-1ADB-49B7-9B79-129CF6FE7DC2}"
EndProject
Global
	GlobalSection(SolutionConfigurationPlatforms) = preSolution
		Debug|Any CPU = Debug|Any CPU
		Release|Any CPU = Release|Any CPU
	EndGlobalSection
	GlobalSection(ProjectConfigurationPlatforms) = postSolution
		{05A848CE-55AC-42E1-80E7-1BCD4F50E7F0}.Debug|Any CPU.ActiveCfg = Debug|Any CPU
		{05A848CE-55AC-42E1-80E7-1BCD4F50E7F0}.Debug|Any CPU.Build.0 = Debug|Any CPU
		{05A848CE-55AC-42E1-80E7-1BCD4F50E7F0}.Release|Any CPU.ActiveCfg = Release|Any CPU
		{05A848CE-55AC-42E1-80E7-1BCD4F50E7F0}.Release|Any CPU.Build.0 = Release|Any CPU
		{13E52767-01A6-4A6D-A9FC-DEA7DD32DE15}.Debug|Any CPU.ActiveCfg = Debug|Any CPU
		{13E52767-01A6-4A6D-A9FC-DEA7DD32DE15}.Debug|Any CPU.Build.0 = Debug|Any CPU
		{13E52767-01A6-4A6D-A9FC-DEA7DD32DE15}.Release|Any CPU.ActiveCfg = Release|Any CPU
		{13E52767-01A6-4A6D-A9FC-DEA7DD32DE15}.Release|Any CPU.Build.0 = Release|Any CPU
		{28FEB909-1ADB-49B7-9B79-129CF6FE7DC2}.Debug|Any CPU.ActiveCfg = Debug|Any CPU
		{28FEB909-1ADB-49B7-9B79-129CF6FE7DC2}.Debug|Any CPU.Build.0 = Debug|Any CPU
		{28FEB909-1ADB-49B7-9B79-129CF6FE7DC2}.Release|Any CPU.ActiveCfg = Release|Any CPU
		{28FEB909-1ADB-49B7-9B79-129CF6FE7DC2}.Release|Any CPU.Build.0 = Release|Any CPU
	EndGlobalSection
	GlobalSection(SolutionProperties) = preSolution
		HideSolutionNode = FALSE
	EndGlobalSection
	GlobalSection(ExtensibilityGlobals) = postSolution
		SolutionGuid = {70EA13D7-EB73-4CB5-A005-F4B25095B2C2}
	EndGlobalSection
EndGlobal
