
Microsoft Visual Studio Solution File, Format Version 12.00
# Visual Studio Version 17
VisualStudioVersion = 17.1.32228.430
MinimumVisualStudioVersion = 10.0.40219.1
Project("{FAE04EC0-301F-11D3-BF4B-00C04F79EFBC}") = "Task3", "Task3\Task3.csproj", "{31EBEFBA-5AD6-4EEE-BFE8-244AE39C2EBE}"
EndProject
Project("{FAE04EC0-301F-11D3-BF4B-00C04F79EFBC}") = "Task4", "Task4\Task4.csproj", "{44DE6DD2-FF33-431D-AF99-A67ABD42CB8B}"
EndProject
Project("{FAE04EC0-301F-11D3-BF4B-00C04F79EFBC}") = "Task2", "Task2\Task2.csproj", "{C1AC2A7D-EC6C-4848-BB42-8B4D064DF62A}"
EndProject
Project("{FAE04EC0-301F-11D3-BF4B-00C04F79EFBC}") = "Task1", "Task1\Task1.csproj", "{C1393425-1F3C-44F6-903C-F39F63B6C753}"
EndProject
Global
	GlobalSection(SolutionConfigurationPlatforms) = preSolution
		Debug|Any CPU = Debug|Any CPU
		Release|Any CPU = Release|Any CPU
	EndGlobalSection
	GlobalSection(ProjectConfigurationPlatforms) = postSolution
		{31EBEFBA-5AD6-4EEE-BFE8-244AE39C2EBE}.Debug|Any CPU.ActiveCfg = Debug|Any CPU
		{31EBEFBA-5AD6-4EEE-BFE8-244AE39C2EBE}.Debug|Any CPU.Build.0 = Debug|Any CPU
		{31EBEFBA-5AD6-4EEE-BFE8-244AE39C2EBE}.Release|Any CPU.ActiveCfg = Release|Any CPU
		{31EBEFBA-5AD6-4EEE-BFE8-244AE39C2EBE}.Release|Any CPU.Build.0 = Release|Any CPU
		{44DE6DD2-FF33-431D-AF99-A67ABD42CB8B}.Debug|Any CPU.ActiveCfg = Debug|Any CPU
		{44DE6DD2-FF33-431D-AF99-A67ABD42CB8B}.Debug|Any CPU.Build.0 = Debug|Any CPU
		{44DE6DD2-FF33-431D-AF99-A67ABD42CB8B}.Release|Any CPU.ActiveCfg = Release|Any CPU
		{44DE6DD2-FF33-431D-AF99-A67ABD42CB8B}.Release|Any CPU.Build.0 = Release|Any CPU
		{C1AC2A7D-EC6C-4848-BB42-8B4D064DF62A}.Debug|Any CPU.ActiveCfg = Debug|Any CPU
		{C1AC2A7D-EC6C-4848-BB42-8B4D064DF62A}.Debug|Any CPU.Build.0 = Debug|Any CPU
		{C1AC2A7D-EC6C-4848-BB42-8B4D064DF62A}.Release|Any CPU.ActiveCfg = Release|Any CPU
		{C1AC2A7D-EC6C-4848-BB42-8B4D064DF62A}.Release|Any CPU.Build.0 = Release|Any CPU
		{C1393425-1F3C-44F6-903C-F39F63B6C753}.Debug|Any CPU.ActiveCfg = Debug|Any CPU
		{C1393425-1F3C-44F6-903C-F39F63B6C753}.Debug|Any CPU.Build.0 = Debug|Any CPU
		{C1393425-1F3C-44F6-903C-F39F63B6C753}.Release|Any CPU.ActiveCfg = Release|Any CPU
		{C1393425-1F3C-44F6-903C-F39F63B6C753}.Release|Any CPU.Build.0 = Release|Any CPU
	EndGlobalSection
	GlobalSection(SolutionProperties) = preSolution
		HideSolutionNode = FALSE
	EndGlobalSection
	GlobalSection(ExtensibilityGlobals) = postSolution
		SolutionGuid = {0263A57F-59BD-424C-B08C-691C58AEEB6D}
	EndGlobalSection
EndGlobal
